
Microsoft Visual Studio Solution File, Format Version 12.00
# Visual Studio Version 17
VisualStudioVersion = 17.14.37710.0 d17.14
MinimumVisualStudioVersion = 10.0.40219.1
Project("{8BC9CEB8-8B4A-11D0-8D11-00A0C91BC942}") = "homework8", "homework8\homework8.vcxproj", "{0C949928-EC78-4D5A-A2CE-D83C3377B762}"
EndProject
Global
	GlobalSection(SolutionConfigurationPlatforms) = preSolution
		Debug|x64 = Debug|x64
		Debug|x86 = Debug|x86
		Release|x64 = Release|x64
		Release|x86 = Release|x86
	EndGlobalSection
	GlobalSection(ProjectConfigurationPlatforms) = postSolution
		{0C949928-EC78-4D5A-A2CE-D83C3377B762}.Debug|x64.ActiveCfg = Debug|x64
		{0C949928-EC78-4D5A-A2CE-D83C3377B762}.Debug|x64.Build.0 = Debug|x64
		{0C949928-EC78-4D5A-A2CE-D83C3377B762}.Debug|x86.ActiveCfg = Debug|Win32
		{0C949928-EC78-4D5A-A2CE-D83C3377B762}.Debug|x86.Build.0 = Debug|Win32
		{0C949928-EC78-4D5A-A2CE-D83C3377B762}.Release|x64.ActiveCfg = Release|x64
		{0C949928-EC78-4D5A-A2CE-D83C3377B762}.Release|x64.Build.0 = Release|x64
		{0C949928-EC78-4D5A-A2CE-D83C3377B762}.Release|x86.ActiveCfg = Release|Win32
		{0C949928-EC78-4D5A-A2CE-D83C3377B762}.Release|x86.Build.0 = Release|Win32
	EndGlobalSection
	GlobalSection(SolutionProperties) = preSolution
		HideSolutionNode = FALSE
	EndGlobalSection
	GlobalSection(ExtensibilityGlobals) = postSolution
		SolutionGuid = {C804E2DC-E5EB-4F5D-A9F6-D38A4120AFA5}
	EndGlobalSection
EndGlobal
